// !$*UTF8*$!
{
	archiveVersion = 1;
	classes = {
	};
	objectVersion = 50;
	objects = {

/* Begin PBXBuildFile section */
		4B167CA938AC3A9CEBEC4FAE /* Pods_mvvmswift.framework in Frameworks */ = {isa = PBXBuildFile; fileRef = 4833CD7B25DE864181C37056 /* Pods_mvvmswift.framework */; };
		D388085920BCFC7A000E82D1 /* AppDelegate.swift in Sources */ = {isa = PBXBuildFile; fileRef = D388085820BCFC7A000E82D1 /* AppDelegate.swift */; };
		D388085B20BCFC7A000E82D1 /* ViewController.swift in Sources */ = {isa = PBXBuildFile; fileRef = D388085A20BCFC7A000E82D1 /* ViewController.swift */; };
		D388085E20BCFC7A000E82D1 /* Main.storyboard in Resources */ = {isa = PBXBuildFile; fileRef = D388085C20BCFC7A000E82D1 /* Main.storyboard */; };
		D388086020BCFC7C000E82D1 /* Assets.xcassets in Resources */ = {isa = PBXBuildFile; fileRef = D388085F20BCFC7C000E82D1 /* Assets.xcassets */; };
		D388086320BCFC7C000E82D1 /* LaunchScreen.storyboard in Resources */ = {isa = PBXBuildFile; fileRef = D388086120BCFC7C000E82D1 /* LaunchScreen.storyboard */; };
		D388086B20BCFC95000E82D1 /* ViewModelInterface.swift in Sources */ = {isa = PBXBuildFile; fileRef = D388086A20BCFC95000E82D1 /* ViewModelInterface.swift */; };
		D388086D20BCFD01000E82D1 /* ViewModel.swift in Sources */ = {isa = PBXBuildFile; fileRef = D388086C20BCFD01000E82D1 /* ViewModel.swift */; };
/* End PBXBuildFile section */

/* Begin PBXFileReference section */
		4833CD7B25DE864181C37056 /* Pods_mvvmswift.framework */ = {isa = PBXFileReference; explicitFileType = wrapper.framework; includeInIndex = 0; path = Pods_mvvmswift.framework; sourceTree = BUILT_PRODUCTS_DIR; };
		70C9C9E183398B7146EC0047 /* Pods-mvvmswift.debug.xcconfig */ = {isa = PBXFileReference; includeInIndex = 1; lastKnownFileType = text.xcconfig; name = "Pods-mvvmswift.debug.xcconfig"; path = "Pods/Target Support Files/Pods-mvvmswift/Pods-mvvmswift.debug.xcconfig"; sourceTree = "<group>"; };
		B8FAA3CF66014B9842819364 /* Pods-mvvmswift.release.xcconfig */ = {isa = PBXFileReference; includeInIndex = 1; lastKnownFileType = text.xcconfig; name = "Pods-mvvmswift.release.xcconfig"; path = "Pods/Target Support Files/Pods-mvvmswift/Pods-mvvmswift.release.xcconfig"; sourceTree = "<group>"; };
		D388085520BCFC7A000E82D1 /* mvvmswift.app */ = {isa = PBXFileReference; explicitFileType = wrapper.application; includeInIndex = 0; path = mvvmswift.app; sourceTree = BUILT_PRODUCTS_DIR; };
		D388085820BCFC7A000E82D1 /* AppDelegate.swift */ = {isa = PBXFileReference; lastKnownFileType = sourcecode.swift; path = AppDelegate.swift; sourceTree = "<group>"; };
		D388085A20BCFC7A000E82D1 /* ViewController.swift */ = {isa = PBXFileReference; lastKnownFileType = sourcecode.swift; path = ViewController.swift; sourceTree = "<group>"; };
		D388085D20BCFC7A000E82D1 /* Base */ = {isa = PBXFileReference; lastKnownFileType = file.storyboard; name = Base; path = Base.lproj/Main.storyboard; sourceTree = "<group>"; };
		D388085F20BCFC7C000E82D1 /* Assets.xcassets */ = {isa = PBXFileReference; lastKnownFileType = folder.assetcatalog; path = Assets.xcassets; sourceTree = "<group>"; };
		D388086220BCFC7C000E82D1 /* Base */ = {isa = PBXFileReference; lastKnownFileType = file.storyboard; name = Base; path = Base.lproj/LaunchScreen.storyboard; sourceTree = "<group>"; };
		D388086420BCFC7C000E82D1 /* Info.plist */ = {isa = PBXFileReference; lastKnownFileType = text.plist.xml; path = Info.plist; sourceTree = "<group>"; };
		D388086A20BCFC95000E82D1 /* ViewModelInterface.swift */ = {isa = PBXFileReference; lastKnownFileType = sourcecode.swift; path = ViewModelInterface.swift; sourceTree = "<group>"; };
		D388086C20BCFD01000E82D1 /* ViewModel.swift */ = {isa = PBXFileReference; lastKnownFileType = sourcecode.swift; path = ViewModel.swift; sourceTree = "<group>"; };
/* End PBXFileReference section */

/* Begin PBXFrameworksBuildPhase section */
		D388085220BCFC7A000E82D1 /* Frameworks */ = {
			isa = PBXFrameworksBuildPhase;
			buildActionMask = 2147483647;
			files = (
				4B167CA938AC3A9CEBEC4FAE /* Pods_mvvmswift.framework in Frameworks */,
			);
			runOnlyForDeploymentPostprocessing = 0;
		};
/* End PBXFrameworksBuildPhase section */

/* Begin PBXGroup section */
		6AED9BD49F5BCAA5B3D3005D /* Frameworks */ = {
			isa = PBXGroup;
			children = (
				4833CD7B25DE864181C37056 /* Pods_mvvmswift.framework */,
			);
			name = Frameworks;
			sourceTree = "<group>";
		};
		B8CA19126DD43F2EB12D143B /* Pods */ = {
			isa = PBXGroup;
			children = (
				70C9C9E183398B7146EC0047 /* Pods-mvvmswift.debug.xcconfig */,
				B8FAA3CF66014B9842819364 /* Pods-mvvmswift.release.xcconfig */,
			);
			name = Pods;
			sourceTree = "<group>";
		};
		D388084C20BCFC7A000E82D1 = {
			isa = PBXGroup;
			children = (
				D388085720BCFC7A000E82D1 /* mvvmswift */,
				D388085620BCFC7A000E82D1 /* Products */,
				B8CA19126DD43F2EB12D143B /* Pods */,
				6AED9BD49F5BCAA5B3D3005D /* Frameworks */,
			);
			sourceTree = "<group>";
		};
		D388085620BCFC7A000E82D1 /* Products */ = {
			isa = PBXGroup;
			children = (
				D388085520BCFC7A000E82D1 /* mvvmswift.app */,
			);
			name = Products;
			sourceTree = "<group>";
		};
		D388085720BCFC7A000E82D1 /* mvvmswift */ = {
			isa = PBXGroup;
			children = (
				D388085820BCFC7A000E82D1 /* AppDelegate.swift */,
				D388085A20BCFC7A000E82D1 /* ViewController.swift */,
				D388085C20BCFC7A000E82D1 /* Main.storyboard */,
				D388085F20BCFC7C000E82D1 /* Assets.xcassets */,
				D388086120BCFC7C000E82D1 /* LaunchScreen.storyboard */,
				D388086420BCFC7C000E82D1 /* Info.plist */,
				D388086A20BCFC95000E82D1 /* ViewModelInterface.swift */,
				D388086C20BCFD01000E82D1 /* ViewModel.swift */,
			);
			path = mvvmswift;
			sourceTree = "<group>";
		};
/* End PBXGroup section */

/* Begin PBXNativeTarget section */
		D388085420BCFC7A000E82D1 /* mvvmswift */ = {
			isa = PBXNativeTarget;
			buildConfigurationList = D388086720BCFC7C000E82D1 /* Build configuration list for PBXNativeTarget "mvvmswift" */;
			buildPhases = (
				F49C96626A89465016FAEB5E /* [CP] Check Pods Manifest.lock */,
				D388085120BCFC7A000E82D1 /* Sources */,
				D388085220BCFC7A000E82D1 /* Frameworks */,
				D388085320BCFC7A000E82D1 /* Resources */,
				FFB74841F2AD5DCA89994677 /* [CP] Embed Pods Frameworks */,
			);
			buildRules = (
			);
			dependencies = (
			);
			name = mvvmswift;
			productName = mvvmswift;
			productReference = D388085520BCFC7A000E82D1 /* mvvmswift.app */;
			productType = "com.apple.product-type.application";
		};
/* End PBXNativeTarget section */

/* Begin PBXProject section */
		D388084D20BCFC7A000E82D1 /* Project object */ = {
			isa = PBXProject;
			attributes = {
				LastSwiftUpdateCheck = 0930;
				LastUpgradeCheck = 0930;
				ORGANIZATIONNAME = leedian;
				TargetAttributes = {
					D388085420BCFC7A000E82D1 = {
						CreatedOnToolsVersion = 9.3.1;
					};
				};
			};
			buildConfigurationList = D388085020BCFC7A000E82D1 /* Build configuration list for PBXProject "mvvmswift" */;
			compatibilityVersion = "Xcode 9.3";
			developmentRegion = en;
			hasScannedForEncodings = 0;
			knownRegions = (
				en,
				Base,
			);
			mainGroup = D388084C20BCFC7A000E82D1;
			productRefGroup = D388085620BCFC7A000E82D1 /* Products */;
			projectDirPath = "";
			projectRoot = "";
			targets = (
				D388085420BCFC7A000E82D1 /* mvvmswift */,
			);
		};
/* End PBXProject section */

/* Begin PBXResourcesBuildPhase section */
		D388085320BCFC7A000E82D1 /* Resources */ = {
			isa = PBXResourcesBuildPhase;
			buildActionMask = 2147483647;
			files = (
				D388086320BCFC7C000E82D1 /* LaunchScreen.storyboard in Resources */,
				D388086020BCFC7C000E82D1 /* Assets.xcassets in Resources */,
				D388085E20BCFC7A000E82D1 /* Main.storyboard in Resources */,
			);
			runOnlyForDeploymentPostprocessing = 0;
		};
/* End PBXResourcesBuildPhase section */

/* Begin PBXShellScriptBuildPhase section */
		F49C96626A89465016FAEB5E /* [CP] Check Pods Manifest.lock */ = {
			isa = PBXShellScriptBuildPhase;
			buildActionMask = 2147483647;
			files = (
			);
			inputPaths = (
				"${PODS_PODFILE_DIR_PATH}/Podfile.lock",
				"${PODS_ROOT}/Manifest.lock",
			);
			name = "[CP] Check Pods Manifest.lock";
			outputPaths = (
				"$(DERIVED_FILE_DIR)/Pods-mvvmswift-checkManifestLockResult.txt",
			);
			runOnlyForDeploymentPostprocessing = 0;
			shellPath = /bin/sh;
			shellScript = "diff \"${PODS_PODFILE_DIR_PATH}/Podfile.lock\" \"${PODS_ROOT}/Manifest.lock\" > /dev/null\nif [ $? != 0 ] ; then\n    # print error to STDERR\n    echo \"error: The sandbox is not in sync with the Podfile.lock. Run 'pod install' or update your CocoaPods installation.\" >&2\n    exit 1\nfi\n# This output is used by Xcode 'outputs' to avoid re-running this script phase.\necho \"SUCCESS\" > \"${SCRIPT_OUTPUT_FILE_0}\"\n";
			showEnvVarsInLog = 0;
		};
		FFB74841F2AD5DCA89994677 /* [CP] Embed Pods Frameworks */ = {
			isa = PBXShellScriptBuildPhase;
			buildActionMask = 2147483647;
			files = (
			);
			inputPaths = (
				"${SRCROOT}/Pods/Target Support Files/Pods-mvvmswift/Pods-mvvmswift-frameworks.sh",
				"${BUILT_PRODUCTS_DIR}/RxCocoa/RxCocoa.framework",
				"${BUILT_PRODUCTS_DIR}/RxSwift/RxSwift.framework",
			);
			name = "[CP] Embed Pods Frameworks";
			outputPaths = (
				"${TARGET_BUILD_DIR}/${FRAMEWORKS_FOLDER_PATH}/RxCocoa.framework",
				"${TARGET_BUILD_DIR}/${FRAMEWORKS_FOLDER_PATH}/RxSwift.framework",
			);
			runOnlyForDeploymentPostprocessing = 0;
			shellPath = /bin/sh;
			shellScript = "\"${SRCROOT}/Pods/Target Support Files/Pods-mvvmswift/Pods-mvvmswift-frameworks.sh\"\n";
			showEnvVarsInLog = 0;
		};
/* End PBXShellScriptBuildPhase section */

/* Begin PBXSourcesBuildPhase section */
		D388085120BCFC7A000E82D1 /* Sources */ = {
			isa = PBXSourcesBuildPhase;
			buildActionMask = 2147483647;
			files = (
				D388085B20BCFC7A000E82D1 /* ViewController.swift in Sources */,
				D388086B20BCFC95000E82D1 /* ViewModelInterface.swift in Sources */,
				D388086D20BCFD01000E82D1 /* ViewModel.swift in Sources */,
				D388085920BCFC7A000E82D1 /* AppDelegate.swift in Sources */,
			);
			runOnlyForDeploymentPostprocessing = 0;
		};
/* End PBXSourcesBuildPhase section */

/* Begin PBXVariantGroup section */
		D388085C20BCFC7A000E82D1 /* Main.storyboard */ = {
			isa = PBXVariantGroup;
			children = (
				D388085D20BCFC7A000E82D1 /* Base */,
			);
			name = Main.storyboard;
			sourceTree = "<group>";
		};
		D388086120BCFC7C000E82D1 /* LaunchScreen.storyboard */ = {
			isa = PBXVariantGroup;
			children = (
				D388086220BCFC7C000E82D1 /* Base */,
			);
			name = LaunchScreen.storyboard;
			sourceTree = "<group>";
		};
/* End PBXVariantGroup section */

/* Begin XCBuildConfiguration section */
		D388086520BCFC7C000E82D1 /* Debug */ = {
			isa = XCBuildConfiguration;
			buildSettings = {
				ALWAYS_SEARCH_USER_PATHS = NO;
				CLANG_ANALYZER_NONNULL = YES;
				CLANG_ANALYZER_NUMBER_OBJECT_CONVERSION = YES_AGGRESSIVE;
				CLANG_CXX_LANGUAGE_STANDARD = "gnu++14";
				CLANG_CXX_LIBRARY = "libc++";
				CLANG_ENABLE_MODULES = YES;
				CLANG_ENABLE_OBJC_ARC = YES;
				CLANG_ENABLE_OBJC_WEAK = YES;
				CLANG_WARN_BLOCK_CAPTURE_AUTORELEASING = YES;
				CLANG_WARN_BOOL_CONVERSION = YES;
				CLANG_WARN_COMMA = YES;
				CLANG_WARN_CONSTANT_CONVERSION = YES;
				CLANG_WARN_DEPRECATED_OBJC_IMPLEMENTATIONS = YES;
				CLANG_WARN_DIRECT_OBJC_ISA_USAGE = YES_ERROR;
				CLANG_WARN_DOCUMENTATION_COMMENTS = YES;
				CLANG_WARN_EMPTY_BODY = YES;
				CLANG_WARN_ENUM_CONVERSION = YES;
				CLANG_WARN_INFINITE_RECURSION = YES;
				CLANG_WARN_INT_CONVERSION = YES;
				CLANG_WARN_NON_LITERAL_NULL_CONVERSION = YES;
				CLANG_WARN_OBJC_IMPLICIT_RETAIN_SELF = YES;
				CLANG_WARN_OBJC_LITERAL_CONVERSION = YES;
				CLANG_WARN_OBJC_ROOT_CLASS = YES_ERROR;
				CLANG_WARN_RANGE_LOOP_ANALYSIS = YES;
				CLANG_WARN_STRICT_PROTOTYPES = YES;
				CLANG_WARN_SUSPICIOUS_MOVE = YES;
				CLANG_WARN_UNGUARDED_AVAILABILITY = YES_AGGRESSIVE;
				CLANG_WARN_UNREACHABLE_CODE = YES;
				CLANG_WARN__DUPLICATE_METHOD_MATCH = YES;
				CODE_SIGN_IDENTITY = "iPhone Developer";
				COPY_PHASE_STRIP = NO;
				DEBUG_INFORMATION_FORMAT = dwarf;
				ENABLE_STRICT_OBJC_MSGSEND = YES;
				ENABLE_TESTABILITY = YES;
				GCC_C_LANGUAGE_STANDARD = gnu11;
				GCC_DYNAMIC_NO_PIC = NO;
				GCC_NO_COMMON_BLOCKS = YES;
				GCC_OPTIMIZATION_LEVEL = 0;
				GCC_PREPROCESSOR_DEFINITIONS = (
					"DEBUG=1",
					"$(inherited)",
				);
				GCC_WARN_64_TO_32_BIT_CONVERSION = YES;
				GCC_WARN_ABOUT_RETURN_TYPE = YES_ERROR;
				GCC_WARN_UNDECLARED_SELECTOR = YES;
				GCC_WARN_UNINITIALIZED_AUTOS = YES_AGGRESSIVE;
				GCC_WARN_UNUSED_FUNCTION = YES;
				GCC_WARN_UNUSED_VARIABLE = YES;
				IPHONEOS_DEPLOYMENT_TARGET = 11.3;
				MTL_ENABLE_DEBUG_INFO = YES;
				ONLY_ACTIVE_ARCH = YES;
				SDKROOT = iphoneos;
				SWIFT_ACTIVE_COMPILATION_CONDITIONS = DEBUG;
				SWIFT_OPTIMIZATION_LEVEL = "-Onone";
			};
			name = Debug;
		};
		D388086620BCFC7C000E82D1 /* Release */ = {
			isa = XCBuildConfiguration;
			buildSettings = {
				ALWAYS_SEARCH_USER_PATHS = NO;
				CLANG_ANALYZER_NONNULL = YES;
				CLANG_ANALYZER_NUMBER_OBJECT_CONVERSION = YES_AGGRESSIVE;
				CLANG_CXX_LANGUAGE_STANDARD = "gnu++14";
				CLANG_CXX_LIBRARY = "libc++";
				CLANG_ENABLE_MODULES = YES;
				CLANG_ENABLE_OBJC_ARC = YES;
				CLANG_ENABLE_OBJC_WEAK = YES;
				CLANG_WARN_BLOCK_CAPTURE_AUTORELEASING = YES;
				CLANG_WARN_BOOL_CONVERSION = YES;
				CLANG_WARN_COMMA = YES;
				CLANG_WARN_CONSTANT_CONVERSION = YES;
				CLANG_WARN_DEPRECATED_OBJC_IMPLEMENTATIONS = YES;
				CLANG_WARN_DIRECT_OBJC_ISA_USAGE = YES_ERROR;
				CLANG_WARN_DOCUMENTATION_COMMENTS = YES;
				CLANG_WARN_EMPTY_BODY = YES;
				CLANG_WARN_ENUM_CONVERSION = YES;
				CLANG_WARN_INFINITE_RECURSION = YES;
				CLANG_WARN_INT_CONVERSION = YES;
				CLANG_WARN_NON_LITERAL_NULL_CONVERSION = YES;
				CLANG_WARN_OBJC_IMPLICIT_RETAIN_SELF = YES;
				CLANG_WARN_OBJC_LITERAL_CONVERSION = YES;
				CLANG_WARN_OBJC_ROOT_CLASS = YES_ERROR;
				CLANG_WARN_RANGE_LOOP_ANALYSIS = YES;
				CLANG_WARN_STRICT_PROTOTYPES = YES;
				CLANG_WARN_SUSPICIOUS_MOVE = YES;
				CLANG_WARN_UNGUARDED_AVAILABILITY = YES_AGGRESSIVE;
				CLANG_WARN_UNREACHABLE_CODE = YES;
				CLANG_WARN__DUPLICATE_METHOD_MATCH = YES;
				CODE_SIGN_IDENTITY = "iPhone Developer";
				COPY_PHASE_STRIP = NO;
				DEBUG_INFORMATION_FORMAT = "dwarf-with-dsym";
				ENABLE_NS_ASSERTIONS = NO;
				ENABLE_STRICT_OBJC_MSGSEND = YES;
				GCC_C_LANGUAGE_STANDARD = gnu11;
				GCC_NO_COMMON_BLOCKS = YES;
				GCC_WARN_64_TO_32_BIT_CONVERSION = YES;
				GCC_WARN_ABOUT_RETURN_TYPE = YES_ERROR;
				GCC_WARN_UNDECLARED_SELECTOR = YES;
				GCC_WARN_UNINITIALIZED_AUTOS = YES_AGGRESSIVE;
				GCC_WARN_UNUSED_FUNCTION = YES;
				GCC_WARN_UNUSED_VARIABLE = YES;
				IPHONEOS_DEPLOYMENT_TARGET = 11.3;
				MTL_ENABLE_DEBUG_INFO = NO;
				SDKROOT = iphoneos;
				SWIFT_COMPILATION_MODE = wholemodule;
				SWIFT_OPTIMIZATION_LEVEL = "-O";
				VALIDATE_PRODUCT = YES;
			};
			name = Release;
		};
		D388086820BCFC7C000E82D1 /* Debug */ = {
			isa = XCBuildConfiguration;
			baseConfigurationReference = 70C9C9E183398B7146EC0047 /* Pods-mvvmswift.debug.xcconfig */;
			buildSettings = {
				ASSETCATALOG_COMPILER_APPICON_NAME = AppIcon;
				CODE_SIGN_STYLE = Automatic;
				DEVELOPMENT_TEAM = B84XP83KZK;
				INFOPLIST_FILE = mvvmswift/Info.plist;
				LD_RUNPATH_SEARCH_PATHS = (
					"$(inherited)",
					"@executable_path/Frameworks",
				);
				PRODUCT_BUNDLE_IDENTIFIER = "leedian.com.picture2file-ios.mvvmswift";
				PRODUCT_NAME = "$(TARGET_NAME)";
				SWIFT_VERSION = 4.0;
				TARGETED_DEVICE_FAMILY = "1,2";
			};
			name = Debug;
		};
		D388086920BCFC7C000E82D1 /* Release */ = {
			isa = XCBuildConfiguration;
			baseConfigurationReference = B8FAA3CF66014B9842819364 /* Pods-mvvmswift.release.xcconfig */;
			buildSettings = {
				ASSETCATALOG_COMPILER_APPICON_NAME = AppIcon;
				CODE_SIGN_STYLE = Automatic;
				DEVELOPMENT_TEAM = B84XP83KZK;
				INFOPLIST_FILE = mvvmswift/Info.plist;
				LD_RUNPATH_SEARCH_PATHS = (
					"$(inherited)",
					"@executable_path/Frameworks",
				);
				PRODUCT_BUNDLE_IDENTIFIER = "leedian.com.picture2file-ios.mvvmswift";
				PRODUCT_NAME = "$(TARGET_NAME)";
				SWIFT_VERSION = 4.0;
				TARGETED_DEVICE_FAMILY = "1,2";
			};
			name = Release;
		};
/* End XCBuildConfiguration section */

/* Begin XCConfigurationList section */
		D388085020BCFC7A000E82D1 /* Build configuration list for PBXProject "mvvmswift" */ = {
			isa = XCConfigurationList;
			buildConfigurations = (
				D388086520BCFC7C000E82D1 /* Debug */,
				D388086620BCFC7C000E82D1 /* Release */,
			);
			defaultConfigurationIsVisible = 0;
			defaultConfigurationName = Release;
		};
		D388086720BCFC7C000E82D1 /* Build configuration list for PBXNativeTarget "mvvmswift" */ = {
			isa = XCConfigurationList;
			buildConfigurations = (
				D388086820BCFC7C000E82D1 /* Debug */,
				D388086920BCFC7C000E82D1 /* Release */,
			);
			defaultConfigurationIsVisible = 0;
			defaultConfigurationName = Release;
		};
/* End XCConfigurationList section */
	};
	rootObject = D388084D20BCFC7A000E82D1 /* Project object */;
}
